// !$*UTF8*$!
{
	archiveVersion = 1;
	classes = {
	};
	objectVersion = 77;
	objects = {

/* Begin PBXBuildFile section */
		5A4FC9AE2CF7AB03003A3999 /* GoogleSignIn in Frameworks */ = {isa = PBXBuildFile; productRef = 5A4FC9AD2CF7AB03003A3999 /* GoogleSignIn */; };
		5A4FC9B02CF7AB03003A3999 /* GoogleSignInSwift in Frameworks */ = {isa = PBXBuildFile; productRef = 5A4FC9AF2CF7AB03003A3999 /* GoogleSignInSwift */; };
		5A517E0F2CF4D61600EA6112 /* FirebaseAnalytics in Frameworks */ = {isa = PBXBuildFile; productRef = 5A517E0E2CF4D61600EA6112 /* FirebaseAnalytics */; };
		5A517E112CF4D61600EA6112 /* FirebaseAnalyticsOnDeviceConversion in Frameworks */ = {isa = PBXBuildFile; productRef = 5A517E102CF4D61600EA6112 /* FirebaseAnalyticsOnDeviceConversion */; };
		5A517E132CF4D61600EA6112 /* FirebaseAnalyticsWithoutAdIdSupport in Frameworks */ = {isa = PBXBuildFile; productRef = 5A517E122CF4D61600EA6112 /* FirebaseAnalyticsWithoutAdIdSupport */; };
		5A517E152CF4D61600EA6112 /* FirebaseAppCheck in Frameworks */ = {isa = PBXBuildFile; productRef = 5A517E142CF4D61600EA6112 /* FirebaseAppCheck */; };
		5A517E172CF4D61600EA6112 /* FirebaseAppDistribution-Beta in Frameworks */ = {isa = PBXBuildFile; productRef = 5A517E162CF4D61600EA6112 /* FirebaseAppDistribution-Beta */; };
		5A517E192CF4D61600EA6112 /* FirebaseAuth in Frameworks */ = {isa = PBXBuildFile; productRef = 5A517E182CF4D61600EA6112 /* FirebaseAuth */; };
		5A517E1B2CF4D61600EA6112 /* FirebaseAuthCombine-Community in Frameworks */ = {isa = PBXBuildFile; productRef = 5A517E1A2CF4D61600EA6112 /* FirebaseAuthCombine-Community */; };
		5A517E1D2CF4D61600EA6112 /* FirebaseCore in Frameworks */ = {isa = PBXBuildFile; productRef = 5A517E1C2CF4D61600EA6112 /* FirebaseCore */; };
		5A517E1F2CF4D61600EA6112 /* FirebaseCrashlytics in Frameworks */ = {isa = PBXBuildFile; productRef = 5A517E1E2CF4D61600EA6112 /* FirebaseCrashlytics */; };
		5A517E212CF4D61600EA6112 /* FirebaseDatabase in Frameworks */ = {isa = PBXBuildFile; productRef = 5A517E202CF4D61600EA6112 /* FirebaseDatabase */; };
		5A517E232CF4D61600EA6112 /* FirebaseDynamicLinks in Frameworks */ = {isa = PBXBuildFile; productRef = 5A517E222CF4D61600EA6112 /* FirebaseDynamicLinks */; };
		5A517E252CF4D61600EA6112 /* FirebaseFirestore in Frameworks */ = {isa = PBXBuildFile; productRef = 5A517E242CF4D61600EA6112 /* FirebaseFirestore */; };
		5A517E272CF4D61600EA6112 /* FirebaseFirestoreCombine-Community in Frameworks */ = {isa = PBXBuildFile; productRef = 5A517E262CF4D61600EA6112 /* FirebaseFirestoreCombine-Community */; };
		5A517E292CF4D61600EA6112 /* FirebaseFunctions in Frameworks */ = {isa = PBXBuildFile; productRef = 5A517E282CF4D61600EA6112 /* FirebaseFunctions */; };
		5A517E2B2CF4D61600EA6112 /* FirebaseFunctionsCombine-Community in Frameworks */ = {isa = PBXBuildFile; productRef = 5A517E2A2CF4D61600EA6112 /* FirebaseFunctionsCombine-Community */; };
		5A517E2D2CF4D61600EA6112 /* FirebaseInAppMessaging-Beta in Frameworks */ = {isa = PBXBuildFile; productRef = 5A517E2C2CF4D61600EA6112 /* FirebaseInAppMessaging-Beta */; };
		5A517E2F2CF4D61600EA6112 /* FirebaseInstallations in Frameworks */ = {isa = PBXBuildFile; productRef = 5A517E2E2CF4D61600EA6112 /* FirebaseInstallations */; };
		5A517E312CF4D61600EA6112 /* FirebaseMLModelDownloader in Frameworks */ = {isa = PBXBuildFile; productRef = 5A517E302CF4D61600EA6112 /* FirebaseMLModelDownloader */; };
		5A517E332CF4D61600EA6112 /* FirebaseMessaging in Frameworks */ = {isa = PBXBuildFile; productRef = 5A517E322CF4D61600EA6112 /* FirebaseMessaging */; };
		5A517E352CF4D61600EA6112 /* FirebasePerformance in Frameworks */ = {isa = PBXBuildFile; productRef = 5A517E342CF4D61600EA6112 /* FirebasePerformance */; };
		5A517E372CF4D61600EA6112 /* FirebaseRemoteConfig in Frameworks */ = {isa = PBXBuildFile; productRef = 5A517E362CF4D61600EA6112 /* FirebaseRemoteConfig */; };
		5A517E392CF4D61600EA6112 /* FirebaseStorage in Frameworks */ = {isa = PBXBuildFile; productRef = 5A517E382CF4D61600EA6112 /* FirebaseStorage */; };
		5A517E3B2CF4D61600EA6112 /* FirebaseStorageCombine-Community in Frameworks */ = {isa = PBXBuildFile; productRef = 5A517E3A2CF4D61600EA6112 /* FirebaseStorageCombine-Community */; };
		5A517E3D2CF4D61600EA6112 /* FirebaseVertexAI in Frameworks */ = {isa = PBXBuildFile; productRef = 5A517E3C2CF4D61600EA6112 /* FirebaseVertexAI */; };
		5A517E402CF4D74200EA6112 /* GoogleMaps in Frameworks */ = {isa = PBXBuildFile; productRef = 5A517E3F2CF4D74200EA6112 /* GoogleMaps */; };
/* End PBXBuildFile section */

/* Begin PBXContainerItemProxy section */
		5A517DED2CF4D4FA00EA6112 /* PBXContainerItemProxy */ = {
			isa = PBXContainerItemProxy;
			containerPortal = 5A517DD22CF4D4F800EA6112 /* Project object */;
			proxyType = 1;
			remoteGlobalIDString = 5A517DD92CF4D4F800EA6112;
			remoteInfo = "NTU CaptureTheRoom";
		};
		5A517DF72CF4D4FA00EA6112 /* PBXContainerItemProxy */ = {
			isa = PBXContainerItemProxy;
			containerPortal = 5A517DD22CF4D4F800EA6112 /* Project object */;
			proxyType = 1;
			remoteGlobalIDString = 5A517DD92CF4D4F800EA6112;
			remoteInfo = "NTU CaptureTheRoom";
		};
/* End PBXContainerItemProxy section */

/* Begin PBXFileReference section */
		5A517DDA2CF4D4F800EA6112 /* NTU CaptureTheRoom.app */ = {isa = PBXFileReference; explicitFileType = wrapper.application; includeInIndex = 0; path = "NTU CaptureTheRoom.app"; sourceTree = BUILT_PRODUCTS_DIR; };
		5A517DEC2CF4D4FA00EA6112 /* NTU CaptureTheRoomTests.xctest */ = {isa = PBXFileReference; explicitFileType = wrapper.cfbundle; includeInIndex = 0; path = "NTU CaptureTheRoomTests.xctest"; sourceTree = BUILT_PRODUCTS_DIR; };
		5A517DF62CF4D4FA00EA6112 /* NTU CaptureTheRoomUITests.xctest */ = {isa = PBXFileReference; explicitFileType = wrapper.cfbundle; includeInIndex = 0; path = "NTU CaptureTheRoomUITests.xctest"; sourceTree = BUILT_PRODUCTS_DIR; };
/* End PBXFileReference section */

/* Begin PBXFileSystemSynchronizedRootGroup section */
		5A517DDC2CF4D4F800EA6112 /* NTU CaptureTheRoom */ = {
			isa = PBXFileSystemSynchronizedRootGroup;
			path = "NTU CaptureTheRoom";
			sourceTree = "<group>";
		};
		5A517DEF2CF4D4FA00EA6112 /* NTU CaptureTheRoomTests */ = {
			isa = PBXFileSystemSynchronizedRootGroup;
			path = "NTU CaptureTheRoomTests";
			sourceTree = "<group>";
		};
		5A517DF92CF4D4FA00EA6112 /* NTU CaptureTheRoomUITests */ = {
			isa = PBXFileSystemSynchronizedRootGroup;
			path = "NTU CaptureTheRoomUITests";
			sourceTree = "<group>";
		};
/* End PBXFileSystemSynchronizedRootGroup section */

/* Begin PBXFrameworksBuildPhase section */
		5A517DD72CF4D4F800EA6112 /* Frameworks */ = {
			isa = PBXFrameworksBuildPhase;
			buildActionMask = 2147483647;
			files = (
				5A517E272CF4D61600EA6112 /* FirebaseFirestoreCombine-Community in Frameworks */,
				5A517E3D2CF4D61600EA6112 /* FirebaseVertexAI in Frameworks */,
				5A517E402CF4D74200EA6112 /* GoogleMaps in Frameworks */,
				5A4FC9AE2CF7AB03003A3999 /* GoogleSignIn in Frameworks */,
				5A517E292CF4D61600EA6112 /* FirebaseFunctions in Frameworks */,
				5A517E352CF4D61600EA6112 /* FirebasePerformance in Frameworks */,
				5A517E3B2CF4D61600EA6112 /* FirebaseStorageCombine-Community in Frameworks */,
				5A517E372CF4D61600EA6112 /* FirebaseRemoteConfig in Frameworks */,
				5A517E212CF4D61600EA6112 /* FirebaseDatabase in Frameworks */,
				5A4FC9B02CF7AB03003A3999 /* GoogleSignInSwift in Frameworks */,
				5A517E232CF4D61600EA6112 /* FirebaseDynamicLinks in Frameworks */,
				5A517E152CF4D61600EA6112 /* FirebaseAppCheck in Frameworks */,
				5A517E192CF4D61600EA6112 /* FirebaseAuth in Frameworks */,
				5A517E0F2CF4D61600EA6112 /* FirebaseAnalytics in Frameworks */,
				5A517E252CF4D61600EA6112 /* FirebaseFirestore in Frameworks */,
				5A517E332CF4D61600EA6112 /* FirebaseMessaging in Frameworks */,
				5A517E2F2CF4D61600EA6112 /* FirebaseInstallations in Frameworks */,
				5A517E2B2CF4D61600EA6112 /* FirebaseFunctionsCombine-Community in Frameworks */,
				5A517E172CF4D61600EA6112 /* FirebaseAppDistribution-Beta in Frameworks */,
				5A517E132CF4D61600EA6112 /* FirebaseAnalyticsWithoutAdIdSupport in Frameworks */,
				5A517E2D2CF4D61600EA6112 /* FirebaseInAppMessaging-Beta in Frameworks */,
				5A517E1B2CF4D61600EA6112 /* FirebaseAuthCombine-Community in Frameworks */,
				5A517E1F2CF4D61600EA6112 /* FirebaseCrashlytics in Frameworks */,
				5A517E312CF4D61600EA6112 /* FirebaseMLModelDownloader in Frameworks */,
				5A517E392CF4D61600EA6112 /* FirebaseStorage in Frameworks */,
				5A517E1D2CF4D61600EA6112 /* FirebaseCore in Frameworks */,
				5A517E112CF4D61600EA6112 /* FirebaseAnalyticsOnDeviceConversion in Frameworks */,
			);
			runOnlyForDeploymentPostprocessing = 0;
		};
		5A517DE92CF4D4FA00EA6112 /* Frameworks */ = {
			isa = PBXFrameworksBuildPhase;
			buildActionMask = 2147483647;
			files = (
			);
			runOnlyForDeploymentPostprocessing = 0;
		};
		5A517DF32CF4D4FA00EA6112 /* Frameworks */ = {
			isa = PBXFrameworksBuildPhase;
			buildActionMask = 2147483647;
			files = (
			);
			runOnlyForDeploymentPostprocessing = 0;
		};
/* End PBXFrameworksBuildPhase section */

/* Begin PBXGroup section */
		5A517DD12CF4D4F800EA6112 = {
			isa = PBXGroup;
			children = (
				5A517DDC2CF4D4F800EA6112 /* NTU CaptureTheRoom */,
				5A517DEF2CF4D4FA00EA6112 /* NTU CaptureTheRoomTests */,
				5A517DF92CF4D4FA00EA6112 /* NTU CaptureTheRoomUITests */,
				5A517DDB2CF4D4F800EA6112 /* Products */,
			);
			sourceTree = "<group>";
		};
		5A517DDB2CF4D4F800EA6112 /* Products */ = {
			isa = PBXGroup;
			children = (
				5A517DDA2CF4D4F800EA6112 /* NTU CaptureTheRoom.app */,
				5A517DEC2CF4D4FA00EA6112 /* NTU CaptureTheRoomTests.xctest */,
				5A517DF62CF4D4FA00EA6112 /* NTU CaptureTheRoomUITests.xctest */,
			);
			name = Products;
			sourceTree = "<group>";
		};
/* End PBXGroup section */

/* Begin PBXNativeTarget section */
		5A517DD92CF4D4F800EA6112 /* NTU CaptureTheRoom */ = {
			isa = PBXNativeTarget;
			buildConfigurationList = 5A517E002CF4D4FA00EA6112 /* Build configuration list for PBXNativeTarget "NTU CaptureTheRoom" */;
			buildPhases = (
				5A517DD62CF4D4F800EA6112 /* Sources */,
				5A517DD72CF4D4F800EA6112 /* Frameworks */,
				5A517DD82CF4D4F800EA6112 /* Resources */,
			);
			buildRules = (
			);
			dependencies = (
			);
			fileSystemSynchronizedGroups = (
				5A517DDC2CF4D4F800EA6112 /* NTU CaptureTheRoom */,
			);
			name = "NTU CaptureTheRoom";
			packageProductDependencies = (
				5A517E0E2CF4D61600EA6112 /* FirebaseAnalytics */,
				5A517E102CF4D61600EA6112 /* FirebaseAnalyticsOnDeviceConversion */,
				5A517E122CF4D61600EA6112 /* FirebaseAnalyticsWithoutAdIdSupport */,
				5A517E142CF4D61600EA6112 /* FirebaseAppCheck */,
				5A517E162CF4D61600EA6112 /* FirebaseAppDistribution-Beta */,
				5A517E182CF4D61600EA6112 /* FirebaseAuth */,
				5A517E1A2CF4D61600EA6112 /* FirebaseAuthCombine-Community */,
				5A517E1C2CF4D61600EA6112 /* FirebaseCore */,
				5A517E1E2CF4D61600EA6112 /* FirebaseCrashlytics */,
				5A517E202CF4D61600EA6112 /* FirebaseDatabase */,
				5A517E222CF4D61600EA6112 /* FirebaseDynamicLinks */,
				5A517E242CF4D61600EA6112 /* FirebaseFirestore */,
				5A517E262CF4D61600EA6112 /* FirebaseFirestoreCombine-Community */,
				5A517E282CF4D61600EA6112 /* FirebaseFunctions */,
				5A517E2A2CF4D61600EA6112 /* FirebaseFunctionsCombine-Community */,
				5A517E2C2CF4D61600EA6112 /* FirebaseInAppMessaging-Beta */,
				5A517E2E2CF4D61600EA6112 /* FirebaseInstallations */,
				5A517E302CF4D61600EA6112 /* FirebaseMLModelDownloader */,
				5A517E322CF4D61600EA6112 /* FirebaseMessaging */,
				5A517E342CF4D61600EA6112 /* FirebasePerformance */,
				5A517E362CF4D61600EA6112 /* FirebaseRemoteConfig */,
				5A517E382CF4D61600EA6112 /* FirebaseStorage */,
				5A517E3A2CF4D61600EA6112 /* FirebaseStorageCombine-Community */,
				5A517E3C2CF4D61600EA6112 /* FirebaseVertexAI */,
				5A517E3F2CF4D74200EA6112 /* GoogleMaps */,
				5A4FC9AD2CF7AB03003A3999 /* GoogleSignIn */,
				5A4FC9AF2CF7AB03003A3999 /* GoogleSignInSwift */,
			);
			productName = "NTU CaptureTheRoom";
			productReference = 5A517DDA2CF4D4F800EA6112 /* NTU CaptureTheRoom.app */;
			productType = "com.apple.product-type.application";
		};
		5A517DEB2CF4D4FA00EA6112 /* NTU CaptureTheRoomTests */ = {
			isa = PBXNativeTarget;
			buildConfigurationList = 5A517E032CF4D4FA00EA6112 /* Build configuration list for PBXNativeTarget "NTU CaptureTheRoomTests" */;
			buildPhases = (
				5A517DE82CF4D4FA00EA6112 /* Sources */,
				5A517DE92CF4D4FA00EA6112 /* Frameworks */,
				5A517DEA2CF4D4FA00EA6112 /* Resources */,
			);
			buildRules = (
			);
			dependencies = (
				5A517DEE2CF4D4FA00EA6112 /* PBXTargetDependency */,
			);
			fileSystemSynchronizedGroups = (
				5A517DEF2CF4D4FA00EA6112 /* NTU CaptureTheRoomTests */,
			);
			name = "NTU CaptureTheRoomTests";
			packageProductDependencies = (
			);
			productName = "NTU CaptureTheRoomTests";
			productReference = 5A517DEC2CF4D4FA00EA6112 /* NTU CaptureTheRoomTests.xctest */;
			productType = "com.apple.product-type.bundle.unit-test";
		};
		5A517DF52CF4D4FA00EA6112 /* NTU CaptureTheRoomUITests */ = {
			isa = PBXNativeTarget;
			buildConfigurationList = 5A517E062CF4D4FA00EA6112 /* Build configuration list for PBXNativeTarget "NTU CaptureTheRoomUITests" */;
			buildPhases = (
				5A517DF22CF4D4FA00EA6112 /* Sources */,
				5A517DF32CF4D4FA00EA6112 /* Frameworks */,
				5A517DF42CF4D4FA00EA6112 /* Resources */,
			);
			buildRules = (
			);
			dependencies = (
				5A517DF82CF4D4FA00EA6112 /* PBXTargetDependency */,
			);
			fileSystemSynchronizedGroups = (
				5A517DF92CF4D4FA00EA6112 /* NTU CaptureTheRoomUITests */,
			);
			name = "NTU CaptureTheRoomUITests";
			packageProductDependencies = (
			);
			productName = "NTU CaptureTheRoomUITests";
			productReference = 5A517DF62CF4D4FA00EA6112 /* NTU CaptureTheRoomUITests.xctest */;
			productType = "com.apple.product-type.bundle.ui-testing";
		};
/* End PBXNativeTarget section */

/* Begin PBXProject section */
		5A517DD22CF4D4F800EA6112 /* Project object */ = {
			isa = PBXProject;
			attributes = {
				BuildIndependentTargetsInParallel = 1;
				LastSwiftUpdateCheck = 1610;
				LastUpgradeCheck = 1610;
				TargetAttributes = {
					5A517DD92CF4D4F800EA6112 = {
						CreatedOnToolsVersion = 16.1;
					};
					5A517DEB2CF4D4FA00EA6112 = {
						CreatedOnToolsVersion = 16.1;
						TestTargetID = 5A517DD92CF4D4F800EA6112;
					};
					5A517DF52CF4D4FA00EA6112 = {
						CreatedOnToolsVersion = 16.1;
						TestTargetID = 5A517DD92CF4D4F800EA6112;
					};
				};
			};
			buildConfigurationList = 5A517DD52CF4D4F800EA6112 /* Build configuration list for PBXProject "NTU CaptureTheRoom" */;
			developmentRegion = en;
			hasScannedForEncodings = 0;
			knownRegions = (
				en,
				Base,
			);
			mainGroup = 5A517DD12CF4D4F800EA6112;
			minimizedProjectReferenceProxies = 1;
			packageReferences = (
				5A517E0D2CF4D61600EA6112 /* XCRemoteSwiftPackageReference "firebase-ios-sdk" */,
				5A517E3E2CF4D74200EA6112 /* XCRemoteSwiftPackageReference "ios-maps-sdk" */,
				5A4FC9AC2CF7AB03003A3999 /* XCRemoteSwiftPackageReference "GoogleSignIn-iOS" */,
			);
			preferredProjectObjectVersion = 77;
			productRefGroup = 5A517DDB2CF4D4F800EA6112 /* Products */;
			projectDirPath = "";
			projectRoot = "";
			targets = (
				5A517DD92CF4D4F800EA6112 /* NTU CaptureTheRoom */,
				5A517DEB2CF4D4FA00EA6112 /* NTU CaptureTheRoomTests */,
				5A517DF52CF4D4FA00EA6112 /* NTU CaptureTheRoomUITests */,
			);
		};
/* End PBXProject section */

/* Begin PBXResourcesBuildPhase section */
		5A517DD82CF4D4F800EA6112 /* Resources */ = {
			isa = PBXResourcesBuildPhase;
			buildActionMask = 2147483647;
			files = (
			);
			runOnlyForDeploymentPostprocessing = 0;
		};
		5A517DEA2CF4D4FA00EA6112 /* Resources */ = {
			isa = PBXResourcesBuildPhase;
			buildActionMask = 2147483647;
			files = (
			);
			runOnlyForDeploymentPostprocessing = 0;
		};
		5A517DF42CF4D4FA00EA6112 /* Resources */ = {
			isa = PBXResourcesBuildPhase;
			buildActionMask = 2147483647;
			files = (
			);
			runOnlyForDeploymentPostprocessing = 0;
		};
/* End PBXResourcesBuildPhase section */

/* Begin PBXSourcesBuildPhase section */
		5A517DD62CF4D4F800EA6112 /* Sources */ = {
			isa = PBXSourcesBuildPhase;
			buildActionMask = 2147483647;
			files = (
			);
			runOnlyForDeploymentPostprocessing = 0;
		};
		5A517DE82CF4D4FA00EA6112 /* Sources */ = {
			isa = PBXSourcesBuildPhase;
			buildActionMask = 2147483647;
			files = (
			);
			runOnlyForDeploymentPostprocessing = 0;
		};
		5A517DF22CF4D4FA00EA6112 /* Sources */ = {
			isa = PBXSourcesBuildPhase;
			buildActionMask = 2147483647;
			files = (
			);
			runOnlyForDeploymentPostprocessing = 0;
		};
/* End PBXSourcesBuildPhase section */

/* Begin PBXTargetDependency section */
		5A517DEE2CF4D4FA00EA6112 /* PBXTargetDependency */ = {
			isa = PBXTargetDependency;
			target = 5A517DD92CF4D4F800EA6112 /* NTU CaptureTheRoom */;
			targetProxy = 5A517DED2CF4D4FA00EA6112 /* PBXContainerItemProxy */;
		};
		5A517DF82CF4D4FA00EA6112 /* PBXTargetDependency */ = {
			isa = PBXTargetDependency;
			target = 5A517DD92CF4D4F800EA6112 /* NTU CaptureTheRoom */;
			targetProxy = 5A517DF72CF4D4FA00EA6112 /* PBXContainerItemProxy */;
		};
/* End PBXTargetDependency section */

/* Begin XCBuildConfiguration section */
		5A517DFE2CF4D4FA00EA6112 /* Debug */ = {
			isa = XCBuildConfiguration;
			buildSettings = {
				ALWAYS_SEARCH_USER_PATHS = NO;
				ASSETCATALOG_COMPILER_GENERATE_SWIFT_ASSET_SYMBOL_EXTENSIONS = YES;
				CLANG_ANALYZER_NONNULL = YES;
				CLANG_ANALYZER_NUMBER_OBJECT_CONVERSION = YES_AGGRESSIVE;
				CLANG_CXX_LANGUAGE_STANDARD = "gnu++20";
				CLANG_ENABLE_MODULES = YES;
				CLANG_ENABLE_OBJC_ARC = YES;
				CLANG_ENABLE_OBJC_WEAK = YES;
				CLANG_WARN_BLOCK_CAPTURE_AUTORELEASING = YES;
				CLANG_WARN_BOOL_CONVERSION = YES;
				CLANG_WARN_COMMA = YES;
				CLANG_WARN_CONSTANT_CONVERSION = YES;
				CLANG_WARN_DEPRECATED_OBJC_IMPLEMENTATIONS = YES;
				CLANG_WARN_DIRECT_OBJC_ISA_USAGE = YES_ERROR;
				CLANG_WARN_DOCUMENTATION_COMMENTS = YES;
				CLANG_WARN_EMPTY_BODY = YES;
				CLANG_WARN_ENUM_CONVERSION = YES;
				CLANG_WARN_INFINITE_RECURSION = YES;
				CLANG_WARN_INT_CONVERSION = YES;
				CLANG_WARN_NON_LITERAL_NULL_CONVERSION = YES;
				CLANG_WARN_OBJC_IMPLICIT_RETAIN_SELF = YES;
				CLANG_WARN_OBJC_LITERAL_CONVERSION = YES;
				CLANG_WARN_OBJC_ROOT_CLASS = YES_ERROR;
				CLANG_WARN_QUOTED_INCLUDE_IN_FRAMEWORK_HEADER = YES;
				CLANG_WARN_RANGE_LOOP_ANALYSIS = YES;
				CLANG_WARN_STRICT_PROTOTYPES = YES;
				CLANG_WARN_SUSPICIOUS_MOVE = YES;
				CLANG_WARN_UNGUARDED_AVAILABILITY = YES_AGGRESSIVE;
				CLANG_WARN_UNREACHABLE_CODE = YES;
				CLANG_WARN__DUPLICATE_METHOD_MATCH = YES;
				CODE_SIGN_ENTITLEMENTS = "";
				COPY_PHASE_STRIP = NO;
				DEBUG_INFORMATION_FORMAT = dwarf;
				ENABLE_STRICT_OBJC_MSGSEND = YES;
				ENABLE_TESTABILITY = YES;
				ENABLE_USER_SCRIPT_SANDBOXING = YES;
				GCC_C_LANGUAGE_STANDARD = gnu17;
				GCC_DYNAMIC_NO_PIC = NO;
				GCC_NO_COMMON_BLOCKS = YES;
				GCC_OPTIMIZATION_LEVEL = 0;
				GCC_PREPROCESSOR_DEFINITIONS = (
					"DEBUG=1",
					"$(inherited)",
				);
				GCC_WARN_64_TO_32_BIT_CONVERSION = YES;
				GCC_WARN_ABOUT_RETURN_TYPE = YES_ERROR;
				GCC_WARN_UNDECLARED_SELECTOR = YES;
				GCC_WARN_UNINITIALIZED_AUTOS = YES_AGGRESSIVE;
				GCC_WARN_UNUSED_FUNCTION = YES;
				GCC_WARN_UNUSED_VARIABLE = YES;
				IPHONEOS_DEPLOYMENT_TARGET = 18.1;
				LOCALIZATION_PREFERS_STRING_CATALOGS = YES;
				MTL_ENABLE_DEBUG_INFO = INCLUDE_SOURCE;
				MTL_FAST_MATH = YES;
				ONLY_ACTIVE_ARCH = YES;
				SDKROOT = iphoneos;
				SWIFT_ACTIVE_COMPILATION_CONDITIONS = "DEBUG $(inherited)";
				SWIFT_OPTIMIZATION_LEVEL = "-Onone";
			};
			name = Debug;
		};
		5A517DFF2CF4D4FA00EA6112 /* Release */ = {
			isa = XCBuildConfiguration;
			buildSettings = {
				ALWAYS_SEARCH_USER_PATHS = NO;
				ASSETCATALOG_COMPILER_GENERATE_SWIFT_ASSET_SYMBOL_EXTENSIONS = YES;
				CLANG_ANALYZER_NONNULL = YES;
				CLANG_ANALYZER_NUMBER_OBJECT_CONVERSION = YES_AGGRESSIVE;
				CLANG_CXX_LANGUAGE_STANDARD = "gnu++20";
				CLANG_ENABLE_MODULES = YES;
				CLANG_ENABLE_OBJC_ARC = YES;
				CLANG_ENABLE_OBJC_WEAK = YES;
				CLANG_WARN_BLOCK_CAPTURE_AUTORELEASING = YES;
				CLANG_WARN_BOOL_CONVERSION = YES;
				CLANG_WARN_COMMA = YES;
				CLANG_WARN_CONSTANT_CONVERSION = YES;
				CLANG_WARN_DEPRECATED_OBJC_IMPLEMENTATIONS = YES;
				CLANG_WARN_DIRECT_OBJC_ISA_USAGE = YES_ERROR;
				CLANG_WARN_DOCUMENTATION_COMMENTS = YES;
				CLANG_WARN_EMPTY_BODY = YES;
				CLANG_WARN_ENUM_CONVERSION = YES;
				CLANG_WARN_INFINITE_RECURSION = YES;
				CLANG_WARN_INT_CONVERSION = YES;
				CLANG_WARN_NON_LITERAL_NULL_CONVERSION = YES;
				CLANG_WARN_OBJC_IMPLICIT_RETAIN_SELF = YES;
				CLANG_WARN_OBJC_LITERAL_CONVERSION = YES;
				CLANG_WARN_OBJC_ROOT_CLASS = YES_ERROR;
				CLANG_WARN_QUOTED_INCLUDE_IN_FRAMEWORK_HEADER = YES;
				CLANG_WARN_RANGE_LOOP_ANALYSIS = YES;
				CLANG_WARN_STRICT_PROTOTYPES = YES;
				CLANG_WARN_SUSPICIOUS_MOVE = YES;
				CLANG_WARN_UNGUARDED_AVAILABILITY = YES_AGGRESSIVE;
				CLANG_WARN_UNREACHABLE_CODE = YES;
				CLANG_WARN__DUPLICATE_METHOD_MATCH = YES;
				CODE_SIGN_ENTITLEMENTS = "";
				COPY_PHASE_STRIP = NO;
				DEBUG_INFORMATION_FORMAT = "dwarf-with-dsym";
				ENABLE_NS_ASSERTIONS = NO;
				ENABLE_STRICT_OBJC_MSGSEND = YES;
				ENABLE_USER_SCRIPT_SANDBOXING = YES;
				GCC_C_LANGUAGE_STANDARD = gnu17;
				GCC_NO_COMMON_BLOCKS = YES;
				GCC_WARN_64_TO_32_BIT_CONVERSION = YES;
				GCC_WARN_ABOUT_RETURN_TYPE = YES_ERROR;
				GCC_WARN_UNDECLARED_SELECTOR = YES;
				GCC_WARN_UNINITIALIZED_AUTOS = YES_AGGRESSIVE;
				GCC_WARN_UNUSED_FUNCTION = YES;
				GCC_WARN_UNUSED_VARIABLE = YES;
				IPHONEOS_DEPLOYMENT_TARGET = 18.1;
				LOCALIZATION_PREFERS_STRING_CATALOGS = YES;
				MTL_ENABLE_DEBUG_INFO = NO;
				MTL_FAST_MATH = YES;
				SDKROOT = iphoneos;
				SWIFT_COMPILATION_MODE = wholemodule;
				VALIDATE_PRODUCT = YES;
			};
			name = Release;
		};
		5A517E012CF4D4FA00EA6112 /* Debug */ = {
			isa = XCBuildConfiguration;
			buildSettings = {
				ASSETCATALOG_COMPILER_APPICON_NAME = AppIcon;
				ASSETCATALOG_COMPILER_GLOBAL_ACCENT_COLOR_NAME = AccentColor;
				CODE_SIGN_ENTITLEMENTS = "NTU CaptureTheRoom/NTU CaptureTheRoom.entitlements";
				CODE_SIGN_IDENTITY = "Apple Development";
				CODE_SIGN_STYLE = Automatic;
				CURRENT_PROJECT_VERSION = 1;
				DEVELOPMENT_ASSET_PATHS = "\"NTU CaptureTheRoom/Preview Content\"";
				DEVELOPMENT_TEAM = W9GHU8Z389;
				ENABLE_PREVIEWS = YES;
				GENERATE_INFOPLIST_FILE = YES;
				INFOPLIST_FILE = "NTU-CaptureTheRoom-Info.plist";
				INFOPLIST_KEY_NFCReaderUsageDescription = "This App requires the use of NFC to scan rooms";
				INFOPLIST_KEY_NSBluetoothAlwaysUsageDescription = "We require Bluetooth access to detect nearby rooms and capture them";
				INFOPLIST_KEY_NSBluetoothPeripheralUsageDescription = "We require Bluetooth access to detect nearby rooms and capture them";
				INFOPLIST_KEY_NSLocationAlwaysAndWhenInUseUsageDescription = "We require your location to display your location on the map when using the application";
				INFOPLIST_KEY_NSLocationWhenInUseUsageDescription = "We require your location to display your location on the map when using the application";
				INFOPLIST_KEY_NSMotionUsageDescription = "We require your motion data to track your steps while using maps in the app";
				INFOPLIST_KEY_UIApplicationSupportsIndirectInputEvents = YES;
				INFOPLIST_KEY_UILaunchScreen_Generation = YES;
				INFOPLIST_KEY_UISupportedInterfaceOrientations_iPad = "UIInterfaceOrientationPortrait UIInterfaceOrientationPortraitUpsideDown UIInterfaceOrientationLandscapeLeft UIInterfaceOrientationLandscapeRight";
				INFOPLIST_KEY_UISupportedInterfaceOrientations_iPhone = "UIInterfaceOrientationPortrait UIInterfaceOrientationLandscapeLeft UIInterfaceOrientationLandscapeRight";
				LD_RUNPATH_SEARCH_PATHS = (
					"$(inherited)",
					"@executable_path/Frameworks",
				);
				MARKETING_VERSION = 1.0;
				PRODUCT_BUNDLE_IDENTIFIER = JosephCuestaAcevedo.NTUCTR;
				PRODUCT_NAME = "$(TARGET_NAME)";
				PROVISIONING_PROFILE_SPECIFIER = "";
				SWIFT_EMIT_LOC_STRINGS = YES;
				SWIFT_VERSION = 5.0;
				TARGETED_DEVICE_FAMILY = "1,2";
			};
			name = Debug;
		};
		5A517E022CF4D4FA00EA6112 /* Release */ = {
			isa = XCBuildConfiguration;
			buildSettings = {
				ASSETCATALOG_COMPILER_APPICON_NAME = AppIcon;
				ASSETCATALOG_COMPILER_GLOBAL_ACCENT_COLOR_NAME = AccentColor;
				CODE_SIGN_ENTITLEMENTS = "NTU CaptureTheRoom/NTU CaptureTheRoom.entitlements";
				CODE_SIGN_IDENTITY = "Apple Development";
				CODE_SIGN_STYLE = Automatic;
				CURRENT_PROJECT_VERSION = 1;
				DEVELOPMENT_ASSET_PATHS = "\"NTU CaptureTheRoom/Preview Content\"";
				DEVELOPMENT_TEAM = W9GHU8Z389;
				ENABLE_PREVIEWS = YES;
				GENERATE_INFOPLIST_FILE = YES;
				INFOPLIST_FILE = "NTU-CaptureTheRoom-Info.plist";
				INFOPLIST_KEY_NFCReaderUsageDescription = "This App requires the use of NFC to scan rooms";
				INFOPLIST_KEY_NSBluetoothAlwaysUsageDescription = "We require Bluetooth access to detect nearby rooms and capture them";
				INFOPLIST_KEY_NSBluetoothPeripheralUsageDescription = "We require Bluetooth access to detect nearby rooms and capture them";
				INFOPLIST_KEY_NSLocationAlwaysAndWhenInUseUsageDescription = "We require your location to display your location on the map when using the application";
				INFOPLIST_KEY_NSLocationWhenInUseUsageDescription = "We require your location to display your location on the map when using the application";
				INFOPLIST_KEY_NSMotionUsageDescription = "We require your motion data to track your steps while using maps in the app";
				INFOPLIST_KEY_UIApplicationSupportsIndirectInputEvents = YES;
				INFOPLIST_KEY_UILaunchScreen_Generation = YES;
				INFOPLIST_KEY_UISupportedInterfaceOrientations_iPad = "UIInterfaceOrientationPortrait UIInterfaceOrientationPortraitUpsideDown UIInterfaceOrientationLandscapeLeft UIInterfaceOrientationLandscapeRight";
				INFOPLIST_KEY_UISupportedInterfaceOrientations_iPhone = "UIInterfaceOrientationPortrait UIInterfaceOrientationLandscapeLeft UIInterfaceOrientationLandscapeRight";
				LD_RUNPATH_SEARCH_PATHS = (
					"$(inherited)",
					"@executable_path/Frameworks",
				);
				MARKETING_VERSION = 1.0;
				PRODUCT_BUNDLE_IDENTIFIER = JosephCuestaAcevedo.NTUCTR;
				PRODUCT_NAME = "$(TARGET_NAME)";
				PROVISIONING_PROFILE_SPECIFIER = "";
				SWIFT_EMIT_LOC_STRINGS = YES;
				SWIFT_VERSION = 5.0;
				TARGETED_DEVICE_FAMILY = "1,2";
			};
			name = Release;
		};
		5A517E042CF4D4FA00EA6112 /* Debug */ = {
			isa = XCBuildConfiguration;
			buildSettings = {
				BUNDLE_LOADER = "$(TEST_HOST)";
				CODE_SIGN_STYLE = Automatic;
				CURRENT_PROJECT_VERSION = 1;
				DEVELOPMENT_TEAM = W9GHU8Z389;
				GENERATE_INFOPLIST_FILE = YES;
				IPHONEOS_DEPLOYMENT_TARGET = 18.1;
				MARKETING_VERSION = 1.0;
				PRODUCT_BUNDLE_IDENTIFIER = "JosephCuestaAcevedo.NTU-CaptureTheRoomTests";
				PRODUCT_NAME = "$(TARGET_NAME)";
				SWIFT_EMIT_LOC_STRINGS = NO;
				SWIFT_VERSION = 5.0;
				TARGETED_DEVICE_FAMILY = "1,2";
				TEST_HOST = "$(BUILT_PRODUCTS_DIR)/NTU CaptureTheRoom.app/$(BUNDLE_EXECUTABLE_FOLDER_PATH)/NTU CaptureTheRoom";
			};
			name = Debug;
		};
		5A517E052CF4D4FA00EA6112 /* Release */ = {
			isa = XCBuildConfiguration;
			buildSettings = {
				BUNDLE_LOADER = "$(TEST_HOST)";
				CODE_SIGN_STYLE = Automatic;
				CURRENT_PROJECT_VERSION = 1;
				DEVELOPMENT_TEAM = W9GHU8Z389;
				GENERATE_INFOPLIST_FILE = YES;
				IPHONEOS_DEPLOYMENT_TARGET = 18.1;
				MARKETING_VERSION = 1.0;
				PRODUCT_BUNDLE_IDENTIFIER = "JosephCuestaAcevedo.NTU-CaptureTheRoomTests";
				PRODUCT_NAME = "$(TARGET_NAME)";
				SWIFT_EMIT_LOC_STRINGS = NO;
				SWIFT_VERSION = 5.0;
				TARGETED_DEVICE_FAMILY = "1,2";
				TEST_HOST = "$(BUILT_PRODUCTS_DIR)/NTU CaptureTheRoom.app/$(BUNDLE_EXECUTABLE_FOLDER_PATH)/NTU CaptureTheRoom";
			};
			name = Release;
		};
		5A517E072CF4D4FA00EA6112 /* Debug */ = {
			isa = XCBuildConfiguration;
			buildSettings = {
				CODE_SIGN_STYLE = Automatic;
				CURRENT_PROJECT_VERSION = 1;
				DEVELOPMENT_TEAM = W9GHU8Z389;
				GENERATE_INFOPLIST_FILE = YES;
				MARKETING_VERSION = 1.0;
				PRODUCT_BUNDLE_IDENTIFIER = "JosephCuestaAcevedo.NTU-CaptureTheRoomUITests";
				PRODUCT_NAME = "$(TARGET_NAME)";
				SWIFT_EMIT_LOC_STRINGS = NO;
				SWIFT_VERSION = 5.0;
				TARGETED_DEVICE_FAMILY = "1,2";
				TEST_TARGET_NAME = "NTU CaptureTheRoom";
			};
			name = Debug;
		};
		5A517E082CF4D4FA00EA6112 /* Release */ = {
			isa = XCBuildConfiguration;
			buildSettings = {
				CODE_SIGN_STYLE = Automatic;
				CURRENT_PROJECT_VERSION = 1;
				DEVELOPMENT_TEAM = W9GHU8Z389;
				GENERATE_INFOPLIST_FILE = YES;
				MARKETING_VERSION = 1.0;
				PRODUCT_BUNDLE_IDENTIFIER = "JosephCuestaAcevedo.NTU-CaptureTheRoomUITests";
				PRODUCT_NAME = "$(TARGET_NAME)";
				SWIFT_EMIT_LOC_STRINGS = NO;
				SWIFT_VERSION = 5.0;
				TARGETED_DEVICE_FAMILY = "1,2";
				TEST_TARGET_NAME = "NTU CaptureTheRoom";
			};
			name = Release;
		};
/* End XCBuildConfiguration section */

/* Begin XCConfigurationList section */
		5A517DD52CF4D4F800EA6112 /* Build configuration list for PBXProject "NTU CaptureTheRoom" */ = {
			isa = XCConfigurationList;
			buildConfigurations = (
				5A517DFE2CF4D4FA00EA6112 /* Debug */,
				5A517DFF2CF4D4FA00EA6112 /* Release */,
			);
			defaultConfigurationIsVisible = 0;
			defaultConfigurationName = Release;
		};
		5A517E002CF4D4FA00EA6112 /* Build configuration list for PBXNativeTarget "NTU CaptureTheRoom" */ = {
			isa = XCConfigurationList;
			buildConfigurations = (
				5A517E012CF4D4FA00EA6112 /* Debug */,
				5A517E022CF4D4FA00EA6112 /* Release */,
			);
			defaultConfigurationIsVisible = 0;
			defaultConfigurationName = Release;
		};
		5A517E032CF4D4FA00EA6112 /* Build configuration list for PBXNativeTarget "NTU CaptureTheRoomTests" */ = {
			isa = XCConfigurationList;
			buildConfigurations = (
				5A517E042CF4D4FA00EA6112 /* Debug */,
				5A517E052CF4D4FA00EA6112 /* Release */,
			);
			defaultConfigurationIsVisible = 0;
			defaultConfigurationName = Release;
		};
		5A517E062CF4D4FA00EA6112 /* Build configuration list for PBXNativeTarget "NTU CaptureTheRoomUITests" */ = {
			isa = XCConfigurationList;
			buildConfigurations = (
				5A517E072CF4D4FA00EA6112 /* Debug */,
				5A517E082CF4D4FA00EA6112 /* Release */,
			);
			defaultConfigurationIsVisible = 0;
			defaultConfigurationName = Release;
		};
/* End XCConfigurationList section */

/* Begin XCRemoteSwiftPackageReference section */
		5A4FC9AC2CF7AB03003A3999 /* XCRemoteSwiftPackageReference "GoogleSignIn-iOS" */ = {
			isa = XCRemoteSwiftPackageReference;
			repositoryURL = "https://github.com/google/GoogleSignIn-iOS";
			requirement = {
				kind = upToNextMajorVersion;
				minimumVersion = 8.0.0;
			};
		};
		5A517E0D2CF4D61600EA6112 /* XCRemoteSwiftPackageReference "firebase-ios-sdk" */ = {
			isa = XCRemoteSwiftPackageReference;
			repositoryURL = "https://github.com/firebase/firebase-ios-sdk";
			requirement = {
				kind = upToNextMajorVersion;
				minimumVersion = 11.5.0;
			};
		};
		5A517E3E2CF4D74200EA6112 /* XCRemoteSwiftPackageReference "ios-maps-sdk" */ = {
			isa = XCRemoteSwiftPackageReference;
			repositoryURL = "https://github.com/googlemaps/ios-maps-sdk";
			requirement = {
				kind = upToNextMajorVersion;
				minimumVersion = 9.2.0;
			};
		};
/* End XCRemoteSwiftPackageReference section */

/* Begin XCSwiftPackageProductDependency section */
		5A4FC9AD2CF7AB03003A3999 /* GoogleSignIn */ = {
			isa = XCSwiftPackageProductDependency;
			package = 5A4FC9AC2CF7AB03003A3999 /* XCRemoteSwiftPackageReference "GoogleSignIn-iOS" */;
			productName = GoogleSignIn;
		};
		5A4FC9AF2CF7AB03003A3999 /* GoogleSignInSwift */ = {
			isa = XCSwiftPackageProductDependency;
			package = 5A4FC9AC2CF7AB03003A3999 /* XCRemoteSwiftPackageReference "GoogleSignIn-iOS" */;
			productName = GoogleSignInSwift;
		};
		5A517E0E2CF4D61600EA6112 /* FirebaseAnalytics */ = {
			isa = XCSwiftPackageProductDependency;
			package = 5A517E0D2CF4D61600EA6112 /* XCRemoteSwiftPackageReference "firebase-ios-sdk" */;
			productName = FirebaseAnalytics;
		};
		5A517E102CF4D61600EA6112 /* FirebaseAnalyticsOnDeviceConversion */ = {
			isa = XCSwiftPackageProductDependency;
			package = 5A517E0D2CF4D61600EA6112 /* XCRemoteSwiftPackageReference "firebase-ios-sdk" */;
			productName = FirebaseAnalyticsOnDeviceConversion;
		};
		5A517E122CF4D61600EA6112 /* FirebaseAnalyticsWithoutAdIdSupport */ = {
			isa = XCSwiftPackageProductDependency;
			package = 5A517E0D2CF4D61600EA6112 /* XCRemoteSwiftPackageReference "firebase-ios-sdk" */;
			productName = FirebaseAnalyticsWithoutAdIdSupport;
		};
		5A517E142CF4D61600EA6112 /* FirebaseAppCheck */ = {
			isa = XCSwiftPackageProductDependency;
			package = 5A517E0D2CF4D61600EA6112 /* XCRemoteSwiftPackageReference "firebase-ios-sdk" */;
			productName = FirebaseAppCheck;
		};
		5A517E162CF4D61600EA6112 /* FirebaseAppDistribution-Beta */ = {
			isa = XCSwiftPackageProductDependency;
			package = 5A517E0D2CF4D61600EA6112 /* XCRemoteSwiftPackageReference "firebase-ios-sdk" */;
			productName = "FirebaseAppDistribution-Beta";
		};
		5A517E182CF4D61600EA6112 /* FirebaseAuth */ = {
			isa = XCSwiftPackageProductDependency;
			package = 5A517E0D2CF4D61600EA6112 /* XCRemoteSwiftPackageReference "firebase-ios-sdk" */;
			productName = FirebaseAuth;
		};
		5A517E1A2CF4D61600EA6112 /* FirebaseAuthCombine-Community */ = {
			isa = XCSwiftPackageProductDependency;
			package = 5A517E0D2CF4D61600EA6112 /* XCRemoteSwiftPackageReference "firebase-ios-sdk" */;
			productName = "FirebaseAuthCombine-Community";
		};
		5A517E1C2CF4D61600EA6112 /* FirebaseCore */ = {
			isa = XCSwiftPackageProductDependency;
			package = 5A517E0D2CF4D61600EA6112 /* XCRemoteSwiftPackageReference "firebase-ios-sdk" */;
			productName = FirebaseCore;
		};
		5A517E1E2CF4D61600EA6112 /* FirebaseCrashlytics */ = {
			isa = XCSwiftPackageProductDependency;
			package = 5A517E0D2CF4D61600EA6112 /* XCRemoteSwiftPackageReference "firebase-ios-sdk" */;
			productName = FirebaseCrashlytics;
		};
		5A517E202CF4D61600EA6112 /* FirebaseDatabase */ = {
			isa = XCSwiftPackageProductDependency;
			package = 5A517E0D2CF4D61600EA6112 /* XCRemoteSwiftPackageReference "firebase-ios-sdk" */;
			productName = FirebaseDatabase;
		};
		5A517E222CF4D61600EA6112 /* FirebaseDynamicLinks */ = {
			isa = XCSwiftPackageProductDependency;
			package = 5A517E0D2CF4D61600EA6112 /* XCRemoteSwiftPackageReference "firebase-ios-sdk" */;
			productName = FirebaseDynamicLinks;
		};
		5A517E242CF4D61600EA6112 /* FirebaseFirestore */ = {
			isa = XCSwiftPackageProductDependency;
			package = 5A517E0D2CF4D61600EA6112 /* XCRemoteSwiftPackageReference "firebase-ios-sdk" */;
			productName = FirebaseFirestore;
		};
		5A517E262CF4D61600EA6112 /* FirebaseFirestoreCombine-Community */ = {
			isa = XCSwiftPackageProductDependency;
			package = 5A517E0D2CF4D61600EA6112 /* XCRemoteSwiftPackageReference "firebase-ios-sdk" */;
			productName = "FirebaseFirestoreCombine-Community";
		};
		5A517E282CF4D61600EA6112 /* FirebaseFunctions */ = {
			isa = XCSwiftPackageProductDependency;
			package = 5A517E0D2CF4D61600EA6112 /* XCRemoteSwiftPackageReference "firebase-ios-sdk" */;
			productName = FirebaseFunctions;
		};
		5A517E2A2CF4D61600EA6112 /* FirebaseFunctionsCombine-Community */ = {
			isa = XCSwiftPackageProductDependency;
			package = 5A517E0D2CF4D61600EA6112 /* XCRemoteSwiftPackageReference "firebase-ios-sdk" */;
			productName = "FirebaseFunctionsCombine-Community";
		};
		5A517E2C2CF4D61600EA6112 /* FirebaseInAppMessaging-Beta */ = {
			isa = XCSwiftPackageProductDependency;
			package = 5A517E0D2CF4D61600EA6112 /* XCRemoteSwiftPackageReference "firebase-ios-sdk" */;
			productName = "FirebaseInAppMessaging-Beta";
		};
		5A517E2E2CF4D61600EA6112 /* FirebaseInstallations */ = {
			isa = XCSwiftPackageProductDependency;
			package = 5A517E0D2CF4D61600EA6112 /* XCRemoteSwiftPackageReference "firebase-ios-sdk" */;
			productName = FirebaseInstallations;
		};
		5A517E302CF4D61600EA6112 /* FirebaseMLModelDownloader */ = {
			isa = XCSwiftPackageProductDependency;
			package = 5A517E0D2CF4D61600EA6112 /* XCRemoteSwiftPackageReference "firebase-ios-sdk" */;
			productName = FirebaseMLModelDownloader;
		};
		5A517E322CF4D61600EA6112 /* FirebaseMessaging */ = {
			isa = XCSwiftPackageProductDependency;
			package = 5A517E0D2CF4D61600EA6112 /* XCRemoteSwiftPackageReference "firebase-ios-sdk" */;
			productName = FirebaseMessaging;
		};
		5A517E342CF4D61600EA6112 /* FirebasePerformance */ = {
			isa = XCSwiftPackageProductDependency;
			package = 5A517E0D2CF4D61600EA6112 /* XCRemoteSwiftPackageReference "firebase-ios-sdk" */;
			productName = FirebasePerformance;
		};
		5A517E362CF4D61600EA6112 /* FirebaseRemoteConfig */ = {
			isa = XCSwiftPackageProductDependency;
			package = 5A517E0D2CF4D61600EA6112 /* XCRemoteSwiftPackageReference "firebase-ios-sdk" */;
			productName = FirebaseRemoteConfig;
		};
		5A517E382CF4D61600EA6112 /* FirebaseStorage */ = {
			isa = XCSwiftPackageProductDependency;
			package = 5A517E0D2CF4D61600EA6112 /* XCRemoteSwiftPackageReference "firebase-ios-sdk" */;
			productName = FirebaseStorage;
		};
		5A517E3A2CF4D61600EA6112 /* FirebaseStorageCombine-Community */ = {
			isa = XCSwiftPackageProductDependency;
			package = 5A517E0D2CF4D61600EA6112 /* XCRemoteSwiftPackageReference "firebase-ios-sdk" */;
			productName = "FirebaseStorageCombine-Community";
		};
		5A517E3C2CF4D61600EA6112 /* FirebaseVertexAI */ = {
			isa = XCSwiftPackageProductDependency;
			package = 5A517E0D2CF4D61600EA6112 /* XCRemoteSwiftPackageReference "firebase-ios-sdk" */;
			productName = FirebaseVertexAI;
		};
		5A517E3F2CF4D74200EA6112 /* GoogleMaps */ = {
			isa = XCSwiftPackageProductDependency;
			package = 5A517E3E2CF4D74200EA6112 /* XCRemoteSwiftPackageReference "ios-maps-sdk" */;
			productName = GoogleMaps;
		};
/* End XCSwiftPackageProductDependency section */
	};
	rootObject = 5A517DD22CF4D4F800EA6112 /* Project object */;
}
